// !$*UTF8*$!
{
	archiveVersion = 1;
	classes = {
	};
	objectVersion = 56;
	objects = {

/* Begin PBXBuildFile section */
		05C365EE2B6261BA00A1B2A6 /* ContentView.swift in Sources */ = {isa = PBXBuildFile; fileRef = 05C365ED2B6261BA00A1B2A6 /* ContentView.swift */; };
		05C365F02B6261BB00A1B2A6 /* Assets.xcassets in Resources */ = {isa = PBXBuildFile; fileRef = 05C365EF2B6261BB00A1B2A6 /* Assets.xcassets */; };
		05C365F42B6261BB00A1B2A6 /* Preview Assets.xcassets in Resources */ = {isa = PBXBuildFile; fileRef = 05C365F32B6261BB00A1B2A6 /* Preview Assets.xcassets */; };
		05C365FF2B62627A00A1B2A6 /* GuideView.swift in Sources */ = {isa = PBXBuildFile; fileRef = 05C365FB2B62627A00A1B2A6 /* GuideView.swift */; };
		05C366002B62627A00A1B2A6 /* Footer.swift in Sources */ = {isa = PBXBuildFile; fileRef = 05C365FC2B62627A00A1B2A6 /* Footer.swift */; };
		05C366012B62627A00A1B2A6 /* HomeView.swift in Sources */ = {isa = PBXBuildFile; fileRef = 05C365FD2B62627A00A1B2A6 /* HomeView.swift */; };
		05C366022B62627A00A1B2A6 /* Maps.swift in Sources */ = {isa = PBXBuildFile; fileRef = 05C365FE2B62627A00A1B2A6 /* Maps.swift */; };
		05C366062B62633200A1B2A6 /* Components in Resources */ = {isa = PBXBuildFile; fileRef = 05C366052B62633200A1B2A6 /* Components */; };
		05C366082B62635E00A1B2A6 /* WATway_coreApp.swift in Sources */ = {isa = PBXBuildFile; fileRef = 05C366072B62635E00A1B2A6 /* WATway_coreApp.swift */; };
		05D402362B62C86400C47949 /* Launch Screen.storyboard in Resources */ = {isa = PBXBuildFile; fileRef = 05D402352B62C86400C47949 /* Launch Screen.storyboard */; };
		05D402392B62CD1100C47949 /* Kingfisher in Frameworks */ = {isa = PBXBuildFile; productRef = 05D402382B62CD1100C47949 /* Kingfisher */; };
		05D4023B2B62D04500C47949 /* Steps.swift in Sources */ = {isa = PBXBuildFile; fileRef = 05D4023A2B62D04500C47949 /* Steps.swift */; };
		05D4023D2B62F95200C47949 /* GuideComponents.swift in Sources */ = {isa = PBXBuildFile; fileRef = 05D4023C2B62F95200C47949 /* GuideComponents.swift */; };
		05D4023F2B62F98A00C47949 /* HeaderComponents.swift in Sources */ = {isa = PBXBuildFile; fileRef = 05D4023E2B62F98A00C47949 /* HeaderComponents.swift */; };
/* End PBXBuildFile section */

/* Begin PBXFileReference section */
		05C365E82B6261BA00A1B2A6 /* WATway-core.app */ = {isa = PBXFileReference; explicitFileType = wrapper.application; includeInIndex = 0; path = "WATway-core.app"; sourceTree = BUILT_PRODUCTS_DIR; };
		05C365ED2B6261BA00A1B2A6 /* ContentView.swift */ = {isa = PBXFileReference; lastKnownFileType = sourcecode.swift; name = ContentView.swift; path = ../ContentView.swift; sourceTree = "<group>"; };
		05C365EF2B6261BB00A1B2A6 /* Assets.xcassets */ = {isa = PBXFileReference; lastKnownFileType = folder.assetcatalog; path = Assets.xcassets; sourceTree = "<group>"; };
		05C365F12B6261BB00A1B2A6 /* WATway_core.entitlements */ = {isa = PBXFileReference; lastKnownFileType = text.plist.entitlements; path = WATway_core.entitlements; sourceTree = "<group>"; };
		05C365F32B6261BB00A1B2A6 /* Preview Assets.xcassets */ = {isa = PBXFileReference; lastKnownFileType = folder.assetcatalog; path = "Preview Assets.xcassets"; sourceTree = "<group>"; };
		05C365FB2B62627A00A1B2A6 /* GuideView.swift */ = {isa = PBXFileReference; fileEncoding = 4; lastKnownFileType = sourcecode.swift; path = GuideView.swift; sourceTree = "<group>"; };
		05C365FC2B62627A00A1B2A6 /* Footer.swift */ = {isa = PBXFileReference; fileEncoding = 4; lastKnownFileType = sourcecode.swift; path = Footer.swift; sourceTree = "<group>"; };
		05C365FD2B62627A00A1B2A6 /* HomeView.swift */ = {isa = PBXFileReference; fileEncoding = 4; lastKnownFileType = sourcecode.swift; path = HomeView.swift; sourceTree = "<group>"; };
		05C365FE2B62627A00A1B2A6 /* Maps.swift */ = {isa = PBXFileReference; fileEncoding = 4; lastKnownFileType = sourcecode.swift; path = Maps.swift; sourceTree = "<group>"; };
		05C366052B62633200A1B2A6 /* Components */ = {isa = PBXFileReference; lastKnownFileType = folder; path = Components; sourceTree = "<group>"; };
		05C366072B62635E00A1B2A6 /* WATway_coreApp.swift */ = {isa = PBXFileReference; lastKnownFileType = sourcecode.swift; path = WATway_coreApp.swift; sourceTree = "<group>"; };
		05D402352B62C86400C47949 /* Launch Screen.storyboard */ = {isa = PBXFileReference; fileEncoding = 4; lastKnownFileType = file.storyboard; path = "Launch Screen.storyboard"; sourceTree = "<group>"; };
		05D4023A2B62D04500C47949 /* Steps.swift */ = {isa = PBXFileReference; lastKnownFileType = sourcecode.swift; path = Steps.swift; sourceTree = "<group>"; };
		05D4023C2B62F95200C47949 /* GuideComponents.swift */ = {isa = PBXFileReference; lastKnownFileType = sourcecode.swift; path = GuideComponents.swift; sourceTree = "<group>"; };
		05D4023E2B62F98A00C47949 /* HeaderComponents.swift */ = {isa = PBXFileReference; lastKnownFileType = sourcecode.swift; path = HeaderComponents.swift; sourceTree = "<group>"; };
/* End PBXFileReference section */

/* Begin PBXFrameworksBuildPhase section */
		05C365E52B6261BA00A1B2A6 /* Frameworks */ = {
			isa = PBXFrameworksBuildPhase;
			buildActionMask = 2147483647;
			files = (
				05D402392B62CD1100C47949 /* Kingfisher in Frameworks */,
			);
			runOnlyForDeploymentPostprocessing = 0;
		};
/* End PBXFrameworksBuildPhase section */

/* Begin PBXGroup section */
		05C365DF2B6261BA00A1B2A6 = {
			isa = PBXGroup;
			children = (
				05C365EA2B6261BA00A1B2A6 /* WATway-core */,
				05C365E92B6261BA00A1B2A6 /* Products */,
			);
			sourceTree = "<group>";
		};
		05C365E92B6261BA00A1B2A6 /* Products */ = {
			isa = PBXGroup;
			children = (
				05C365E82B6261BA00A1B2A6 /* WATway-core.app */,
			);
			name = Products;
			sourceTree = "<group>";
		};
		05C365EA2B6261BA00A1B2A6 /* WATway-core */ = {
			isa = PBXGroup;
			children = (
				05C366052B62633200A1B2A6 /* Components */,
				05C365FA2B62622D00A1B2A6 /* Model */,
				05C365EF2B6261BB00A1B2A6 /* Assets.xcassets */,
				05D402352B62C86400C47949 /* Launch Screen.storyboard */,
				05C365F12B6261BB00A1B2A6 /* WATway_core.entitlements */,
				05C365F22B6261BB00A1B2A6 /* Preview Content */,
			);
			path = "WATway-core";
			sourceTree = "<group>";
		};
		05C365F22B6261BB00A1B2A6 /* Preview Content */ = {
			isa = PBXGroup;
			children = (
				05C365F32B6261BB00A1B2A6 /* Preview Assets.xcassets */,
			);
			path = "Preview Content";
			sourceTree = "<group>";
		};
		05C365FA2B62622D00A1B2A6 /* Model */ = {
			isa = PBXGroup;
			children = (
				05C366072B62635E00A1B2A6 /* WATway_coreApp.swift */,
				05C365ED2B6261BA00A1B2A6 /* ContentView.swift */,
				05C365FC2B62627A00A1B2A6 /* Footer.swift */,
				05D4023E2B62F98A00C47949 /* HeaderComponents.swift */,
				05D4023C2B62F95200C47949 /* GuideComponents.swift */,
				05C365FB2B62627A00A1B2A6 /* GuideView.swift */,
				05C365FD2B62627A00A1B2A6 /* HomeView.swift */,
				05C365FE2B62627A00A1B2A6 /* Maps.swift */,
				05D4023A2B62D04500C47949 /* Steps.swift */,
			);
			path = Model;
			sourceTree = "<group>";
		};
/* End PBXGroup section */

/* Begin PBXNativeTarget section */
		05C365E72B6261BA00A1B2A6 /* WATway-core */ = {
			isa = PBXNativeTarget;
			buildConfigurationList = 05C365F72B6261BB00A1B2A6 /* Build configuration list for PBXNativeTarget "WATway-core" */;
			buildPhases = (
				05C365E42B6261BA00A1B2A6 /* Sources */,
				05C365E52B6261BA00A1B2A6 /* Frameworks */,
				05C365E62B6261BA00A1B2A6 /* Resources */,
			);
			buildRules = (
			);
			dependencies = (
			);
			name = "WATway-core";
			packageProductDependencies = (
				05D402382B62CD1100C47949 /* Kingfisher */,
			);
			productName = "WATway-core";
			productReference = 05C365E82B6261BA00A1B2A6 /* WATway-core.app */;
			productType = "com.apple.product-type.application";
		};
/* End PBXNativeTarget section */

/* Begin PBXProject section */
		05C365E02B6261BA00A1B2A6 /* Project object */ = {
			isa = PBXProject;
			attributes = {
				BuildIndependentTargetsInParallel = 1;
				LastSwiftUpdateCheck = 1430;
				LastUpgradeCheck = 1430;
				TargetAttributes = {
					05C365E72B6261BA00A1B2A6 = {
						CreatedOnToolsVersion = 14.3.1;
					};
				};
			};
			buildConfigurationList = 05C365E32B6261BA00A1B2A6 /* Build configuration list for PBXProject "WATway-core" */;
			compatibilityVersion = "Xcode 14.0";
			developmentRegion = en;
			hasScannedForEncodings = 0;
			knownRegions = (
				en,
				Base,
			);
			mainGroup = 05C365DF2B6261BA00A1B2A6;
			packageReferences = (
				05D402372B62CD1100C47949 /* XCRemoteSwiftPackageReference "Kingfisher" */,
			);
			productRefGroup = 05C365E92B6261BA00A1B2A6 /* Products */;
			projectDirPath = "";
			projectRoot = "";
			targets = (
				05C365E72B6261BA00A1B2A6 /* WATway-core */,
			);
		};
/* End PBXProject section */

/* Begin PBXResourcesBuildPhase section */
		05C365E62B6261BA00A1B2A6 /* Resources */ = {
			isa = PBXResourcesBuildPhase;
			buildActionMask = 2147483647;
			files = (
				05C365F42B6261BB00A1B2A6 /* Preview Assets.xcassets in Resources */,
				05C365F02B6261BB00A1B2A6 /* Assets.xcassets in Resources */,
				05D402362B62C86400C47949 /* Launch Screen.storyboard in Resources */,
				05C366062B62633200A1B2A6 /* Components in Resources */,
			);
			runOnlyForDeploymentPostprocessing = 0;
		};
/* End PBXResourcesBuildPhase section */

/* Begin PBXSourcesBuildPhase section */
		05C365E42B6261BA00A1B2A6 /* Sources */ = {
			isa = PBXSourcesBuildPhase;
			buildActionMask = 2147483647;
			files = (
				05C365FF2B62627A00A1B2A6 /* GuideView.swift in Sources */,
				05D4023B2B62D04500C47949 /* Steps.swift in Sources */,
				05C365EE2B6261BA00A1B2A6 /* ContentView.swift in Sources */,
				05D4023F2B62F98A00C47949 /* HeaderComponents.swift in Sources */,
				05C366022B62627A00A1B2A6 /* Maps.swift in Sources */,
				05D4023D2B62F95200C47949 /* GuideComponents.swift in Sources */,
				05C366082B62635E00A1B2A6 /* WATway_coreApp.swift in Sources */,
				05C366002B62627A00A1B2A6 /* Footer.swift in Sources */,
				05C366012B62627A00A1B2A6 /* HomeView.swift in Sources */,
			);
			runOnlyForDeploymentPostprocessing = 0;
		};
/* End PBXSourcesBuildPhase section */

/* Begin XCBuildConfiguration section */
		05C365F52B6261BB00A1B2A6 /* Debug */ = {
			isa = XCBuildConfiguration;
			buildSettings = {
				ALWAYS_SEARCH_USER_PATHS = NO;
				CLANG_ANALYZER_NONNULL = YES;
				CLANG_ANALYZER_NUMBER_OBJECT_CONVERSION = YES_AGGRESSIVE;
				CLANG_CXX_LANGUAGE_STANDARD = "gnu++20";
				CLANG_ENABLE_MODULES = YES;
				CLANG_ENABLE_OBJC_ARC = YES;
				CLANG_ENABLE_OBJC_WEAK = YES;
				CLANG_WARN_BLOCK_CAPTURE_AUTORELEASING = YES;
				CLANG_WARN_BOOL_CONVERSION = YES;
				CLANG_WARN_COMMA = YES;
				CLANG_WARN_CONSTANT_CONVERSION = YES;
				CLANG_WARN_DEPRECATED_OBJC_IMPLEMENTATIONS = YES;
				CLANG_WARN_DIRECT_OBJC_ISA_USAGE = YES_ERROR;
				CLANG_WARN_DOCUMENTATION_COMMENTS = YES;
				CLANG_WARN_EMPTY_BODY = YES;
				CLANG_WARN_ENUM_CONVERSION = YES;
				CLANG_WARN_INFINITE_RECURSION = YES;
				CLANG_WARN_INT_CONVERSION = YES;
				CLANG_WARN_NON_LITERAL_NULL_CONVERSION = YES;
				CLANG_WARN_OBJC_IMPLICIT_RETAIN_SELF = YES;
				CLANG_WARN_OBJC_LITERAL_CONVERSION = YES;
				CLANG_WARN_OBJC_ROOT_CLASS = YES_ERROR;
				CLANG_WARN_QUOTED_INCLUDE_IN_FRAMEWORK_HEADER = YES;
				CLANG_WARN_RANGE_LOOP_ANALYSIS = YES;
				CLANG_WARN_STRICT_PROTOTYPES = YES;
				CLANG_WARN_SUSPICIOUS_MOVE = YES;
				CLANG_WARN_UNGUARDED_AVAILABILITY = YES_AGGRESSIVE;
				CLANG_WARN_UNREACHABLE_CODE = YES;
				CLANG_WARN__DUPLICATE_METHOD_MATCH = YES;
				COPY_PHASE_STRIP = NO;
				DEBUG_INFORMATION_FORMAT = dwarf;
				ENABLE_STRICT_OBJC_MSGSEND = YES;
				ENABLE_TESTABILITY = YES;
				GCC_C_LANGUAGE_STANDARD = gnu11;
				GCC_DYNAMIC_NO_PIC = NO;
				GCC_NO_COMMON_BLOCKS = YES;
				GCC_OPTIMIZATION_LEVEL = 0;
				GCC_PREPROCESSOR_DEFINITIONS = (
					"DEBUG=1",
					"$(inherited)",
				);
				GCC_WARN_64_TO_32_BIT_CONVERSION = YES;
				GCC_WARN_ABOUT_RETURN_TYPE = YES_ERROR;
				GCC_WARN_UNDECLARED_SELECTOR = YES;
				GCC_WARN_UNINITIALIZED_AUTOS = YES_AGGRESSIVE;
				GCC_WARN_UNUSED_FUNCTION = YES;
				GCC_WARN_UNUSED_VARIABLE = YES;
				MTL_ENABLE_DEBUG_INFO = INCLUDE_SOURCE;
				MTL_FAST_MATH = YES;
				ONLY_ACTIVE_ARCH = YES;
				SWIFT_ACTIVE_COMPILATION_CONDITIONS = DEBUG;
				SWIFT_OPTIMIZATION_LEVEL = "-Onone";
			};
			name = Debug;
		};
		05C365F62B6261BB00A1B2A6 /* Release */ = {
			isa = XCBuildConfiguration;
			buildSettings = {
				ALWAYS_SEARCH_USER_PATHS = NO;
				CLANG_ANALYZER_NONNULL = YES;
				CLANG_ANALYZER_NUMBER_OBJECT_CONVERSION = YES_AGGRESSIVE;
				CLANG_CXX_LANGUAGE_STANDARD = "gnu++20";
				CLANG_ENABLE_MODULES = YES;
				CLANG_ENABLE_OBJC_ARC = YES;
				CLANG_ENABLE_OBJC_WEAK = YES;
				CLANG_WARN_BLOCK_CAPTURE_AUTORELEASING = YES;
				CLANG_WARN_BOOL_CONVERSION = YES;
				CLANG_WARN_COMMA = YES;
				CLANG_WARN_CONSTANT_CONVERSION = YES;
				CLANG_WARN_DEPRECATED_OBJC_IMPLEMENTATIONS = YES;
				CLANG_WARN_DIRECT_OBJC_ISA_USAGE = YES_ERROR;
				CLANG_WARN_DOCUMENTATION_COMMENTS = YES;
				CLANG_WARN_EMPTY_BODY = YES;
				CLANG_WARN_ENUM_CONVERSION = YES;
				CLANG_WARN_INFINITE_RECURSION = YES;
				CLANG_WARN_INT_CONVERSION = YES;
				CLANG_WARN_NON_LITERAL_NULL_CONVERSION = YES;
				CLANG_WARN_OBJC_IMPLICIT_RETAIN_SELF = YES;
				CLANG_WARN_OBJC_LITERAL_CONVERSION = YES;
				CLANG_WARN_OBJC_ROOT_CLASS = YES_ERROR;
				CLANG_WARN_QUOTED_INCLUDE_IN_FRAMEWORK_HEADER = YES;
				CLANG_WARN_RANGE_LOOP_ANALYSIS = YES;
				CLANG_WARN_STRICT_PROTOTYPES = YES;
				CLANG_WARN_SUSPICIOUS_MOVE = YES;
				CLANG_WARN_UNGUARDED_AVAILABILITY = YES_AGGRESSIVE;
				CLANG_WARN_UNREACHABLE_CODE = YES;
				CLANG_WARN__DUPLICATE_METHOD_MATCH = YES;
				COPY_PHASE_STRIP = NO;
				DEBUG_INFORMATION_FORMAT = "dwarf-with-dsym";
				ENABLE_NS_ASSERTIONS = NO;
				ENABLE_STRICT_OBJC_MSGSEND = YES;
				GCC_C_LANGUAGE_STANDARD = gnu11;
				GCC_NO_COMMON_BLOCKS = YES;
				GCC_WARN_64_TO_32_BIT_CONVERSION = YES;
				GCC_WARN_ABOUT_RETURN_TYPE = YES_ERROR;
				GCC_WARN_UNDECLARED_SELECTOR = YES;
				GCC_WARN_UNINITIALIZED_AUTOS = YES_AGGRESSIVE;
				GCC_WARN_UNUSED_FUNCTION = YES;
				GCC_WARN_UNUSED_VARIABLE = YES;
				MTL_ENABLE_DEBUG_INFO = NO;
				MTL_FAST_MATH = YES;
				SWIFT_COMPILATION_MODE = wholemodule;
				SWIFT_OPTIMIZATION_LEVEL = "-O";
			};
			name = Release;
		};
		05C365F82B6261BB00A1B2A6 /* Debug */ = {
			isa = XCBuildConfiguration;
			buildSettings = {
				ASSETCATALOG_COMPILER_APPICON_NAME = AppIcon;
				ASSETCATALOG_COMPILER_GLOBAL_ACCENT_COLOR_NAME = AccentColor;
				CODE_SIGN_ENTITLEMENTS = "WATway-core/WATway_core.entitlements";
				CODE_SIGN_STYLE = Automatic;
				CURRENT_PROJECT_VERSION = 1;
				DEVELOPMENT_ASSET_PATHS = "\"WATway-core/Preview Content\"";
				ENABLE_PREVIEWS = YES;
				GENERATE_INFOPLIST_FILE = YES;
				"INFOPLIST_KEY_UIApplicationSceneManifest_Generation[sdk=iphoneos*]" = YES;
				"INFOPLIST_KEY_UIApplicationSceneManifest_Generation[sdk=iphonesimulator*]" = YES;
				"INFOPLIST_KEY_UIApplicationSupportsIndirectInputEvents[sdk=iphoneos*]" = YES;
				"INFOPLIST_KEY_UIApplicationSupportsIndirectInputEvents[sdk=iphonesimulator*]" = YES;
				"INFOPLIST_KEY_UILaunchScreen_Generation[sdk=iphoneos*]" = YES;
				"INFOPLIST_KEY_UILaunchScreen_Generation[sdk=iphonesimulator*]" = YES;
				"INFOPLIST_KEY_UIStatusBarStyle[sdk=iphoneos*]" = UIStatusBarStyleDefault;
				"INFOPLIST_KEY_UIStatusBarStyle[sdk=iphonesimulator*]" = UIStatusBarStyleDefault;
				INFOPLIST_KEY_UISupportedInterfaceOrientations_iPad = "UIInterfaceOrientationPortrait UIInterfaceOrientationPortraitUpsideDown UIInterfaceOrientationLandscapeLeft UIInterfaceOrientationLandscapeRight";
				INFOPLIST_KEY_UISupportedInterfaceOrientations_iPhone = "UIInterfaceOrientationPortrait UIInterfaceOrientationLandscapeLeft UIInterfaceOrientationLandscapeRight";
				IPHONEOS_DEPLOYMENT_TARGET = 16.4;
				LD_RUNPATH_SEARCH_PATHS = "@executable_path/Frameworks";
				"LD_RUNPATH_SEARCH_PATHS[sdk=macosx*]" = "@executable_path/../Frameworks";
				MACOSX_DEPLOYMENT_TARGET = 13.1;
				MARKETING_VERSION = 1.0;
				PRODUCT_BUNDLE_IDENTIFIER = "Uwaterloo.WATway-core";
				PRODUCT_NAME = "$(TARGET_NAME)";
				SDKROOT = auto;
				SUPPORTED_PLATFORMS = "iphoneos iphonesimulator macosx";
				SWIFT_EMIT_LOC_STRINGS = YES;
				SWIFT_VERSION = 5.0;
				TARGETED_DEVICE_FAMILY = "1,2";
			};
			name = Debug;
		};
		05C365F92B6261BB00A1B2A6 /* Release */ = {
			isa = XCBuildConfiguration;
			buildSettings = {
				ASSETCATALOG_COMPILER_APPICON_NAME = AppIcon;
				ASSETCATALOG_COMPILER_GLOBAL_ACCENT_COLOR_NAME = AccentColor;
				CODE_SIGN_ENTITLEMENTS = "WATway-core/WATway_core.entitlements";
				CODE_SIGN_STYLE = Automatic;
				CURRENT_PROJECT_VERSION = 1;
				DEVELOPMENT_ASSET_PATHS = "\"WATway-core/Preview Content\"";
				ENABLE_PREVIEWS = YES;
				GENERATE_INFOPLIST_FILE = YES;
				"INFOPLIST_KEY_UIApplicationSceneManifest_Generation[sdk=iphoneos*]" = YES;
				"INFOPLIST_KEY_UIApplicationSceneManifest_Generation[sdk=iphonesimulator*]" = YES;
				"INFOPLIST_KEY_UIApplicationSupportsIndirectInputEvents[sdk=iphoneos*]" = YES;
				"INFOPLIST_KEY_UIApplicationSupportsIndirectInputEvents[sdk=iphonesimulator*]" = YES;
				"INFOPLIST_KEY_UILaunchScreen_Generation[sdk=iphoneos*]" = YES;
				"INFOPLIST_KEY_UILaunchScreen_Generation[sdk=iphonesimulator*]" = YES;
				"INFOPLIST_KEY_UIStatusBarStyle[sdk=iphoneos*]" = UIStatusBarStyleDefault;
				"INFOPLIST_KEY_UIStatusBarStyle[sdk=iphonesimulator*]" = UIStatusBarStyleDefault;
				INFOPLIST_KEY_UISupportedInterfaceOrientations_iPad = "UIInterfaceOrientationPortrait UIInterfaceOrientationPortraitUpsideDown UIInterfaceOrientationLandscapeLeft UIInterfaceOrientationLandscapeRight";
				INFOPLIST_KEY_UISupportedInterfaceOrientations_iPhone = "UIInterfaceOrientationPortrait UIInterfaceOrientationLandscapeLeft UIInterfaceOrientationLandscapeRight";
				IPHONEOS_DEPLOYMENT_TARGET = 16.4;
				LD_RUNPATH_SEARCH_PATHS = "@executable_path/Frameworks";
				"LD_RUNPATH_SEARCH_PATHS[sdk=macosx*]" = "@executable_path/../Frameworks";
				MACOSX_DEPLOYMENT_TARGET = 13.1;
				MARKETING_VERSION = 1.0;
				PRODUCT_BUNDLE_IDENTIFIER = "Uwaterloo.WATway-core";
				PRODUCT_NAME = "$(TARGET_NAME)";
				SDKROOT = auto;
				SUPPORTED_PLATFORMS = "iphoneos iphonesimulator macosx";
				SWIFT_EMIT_LOC_STRINGS = YES;
				SWIFT_VERSION = 5.0;
				TARGETED_DEVICE_FAMILY = "1,2";
			};
			name = Release;
		};
/* End XCBuildConfiguration section */

/* Begin XCConfigurationList section */
		05C365E32B6261BA00A1B2A6 /* Build configuration list for PBXProject "WATway-core" */ = {
			isa = XCConfigurationList;
			buildConfigurations = (
				05C365F52B6261BB00A1B2A6 /* Debug */,
				05C365F62B6261BB00A1B2A6 /* Release */,
			);
			defaultConfigurationIsVisible = 0;
			defaultConfigurationName = Release;
		};
		05C365F72B6261BB00A1B2A6 /* Build configuration list for PBXNativeTarget "WATway-core" */ = {
			isa = XCConfigurationList;
			buildConfigurations = (
				05C365F82B6261BB00A1B2A6 /* Debug */,
				05C365F92B6261BB00A1B2A6 /* Release */,
			);
			defaultConfigurationIsVisible = 0;
			defaultConfigurationName = Release;
		};
/* End XCConfigurationList section */

/* Begin XCRemoteSwiftPackageReference section */
		05D402372B62CD1100C47949 /* XCRemoteSwiftPackageReference "Kingfisher" */ = {
			isa = XCRemoteSwiftPackageReference;
			repositoryURL = "https://github.com/onevcat/Kingfisher.git";
			requirement = {
				kind = upToNextMajorVersion;
				minimumVersion = 7.0.0;
			};
		};
/* End XCRemoteSwiftPackageReference section */

/* Begin XCSwiftPackageProductDependency section */
		05D402382B62CD1100C47949 /* Kingfisher */ = {
			isa = XCSwiftPackageProductDependency;
			package = 05D402372B62CD1100C47949 /* XCRemoteSwiftPackageReference "Kingfisher" */;
			productName = Kingfisher;
		};
/* End XCSwiftPackageProductDependency section */
	};
	rootObject = 05C365E02B6261BA00A1B2A6 /* Project object */;
}
